
Microsoft Visual Studio Solution File, Format Version 12.00
# Visual Studio Version 16
VisualStudioVersion = 16.0.29503.13
MinimumVisualStudioVersion = 10.0.40219.1
Project("{FAE04EC0-301F-11D3-BF4B-00C04F79EFBC}") = "WarCardGame", "WarCardGame.csproj", "{239F2333-991D-419A-942A-73F2BEE0B1AE}"
EndProject
Global
	GlobalSection(SolutionConfigurationPlatforms) = preSolution
		Debug|Any CPU = Debug|Any CPU
		Release|Any CPU = Release|Any CPU
	EndGlobalSection
	GlobalSection(ProjectConfigurationPlatforms) = postSolution
		{239F2333-991D-419A-942A-73F2BEE0B1AE}.Debug|Any CPU.ActiveCfg = Debug|Any CPU
		{239F2333-991D-419A-942A-73F2BEE0B1AE}.Debug|Any CPU.Build.0 = Debug|Any CPU
		{239F2333-991D-419A-942A-73F2BEE0B1AE}.Release|Any CPU.ActiveCfg = Release|Any CPU
		{239F2333-991D-419A-942A-73F2BEE0B1AE}.Release|Any CPU.Build.0 = Release|Any CPU
	EndGlobalSection
	GlobalSection(SolutionProperties) = preSolution
		HideSolutionNode = FALSE
	EndGlobalSection
	GlobalSection(ExtensibilityGlobals) = postSolution
		SolutionGuid = {EA0F709C-D5B7-468E-BCD9-AD76EBF41593}
	EndGlobalSection
EndGlobal
